
Microsoft Visual Studio Solution File, Format Version 12.00
# Visual Studio Version 16
VisualStudioVersion = 16.0.28803.202
MinimumVisualStudioVersion = 10.0.40219.1
Project("{FAE04EC0-301F-11D3-BF4B-00C04F79EFBC}") = "AkkaAllConcur", "AkkaAllConcur\AkkaAllConcur.csproj", "{32263403-5549-4527-BA3D-EBE39888D28C}"
EndProject
Global
	GlobalSection(SolutionConfigurationPlatforms) = preSolution
		Debug|Any CPU = Debug|Any CPU
		Release|Any CPU = Release|Any CPU
	EndGlobalSection
	GlobalSection(ProjectConfigurationPlatforms) = postSolution
		{32263403-5549-4527-BA3D-EBE39888D28C}.Debug|Any CPU.ActiveCfg = Debug|Any CPU
		{32263403-5549-4527-BA3D-EBE39888D28C}.Debug|Any CPU.Build.0 = Debug|Any CPU
		{32263403-5549-4527-BA3D-EBE39888D28C}.Release|Any CPU.ActiveCfg = Release|Any CPU
		{32263403-5549-4527-BA3D-EBE39888D28C}.Release|Any CPU.Build.0 = Release|Any CPU
	EndGlobalSection
	GlobalSection(SolutionProperties) = preSolution
		HideSolutionNode = FALSE
	EndGlobalSection
	GlobalSection(ExtensibilityGlobals) = postSolution
		SolutionGuid = {BB590C57-A983-4842-92B1-A34E35DE058A}
	EndGlobalSection
EndGlobal
